
Microsoft Visual Studio Solution File, Format Version 12.00
# Visual Studio 15
Project("{FAE04EC0-301F-11D3-BF4B-00C04F79EFBC}") = "Assembly-CSharp", "Assembly-CSharp.csproj", "{922FCBB2-ABBB-AFDE-B9E0-1FA98815FCED}"
EndProject
Project("{FAE04EC0-301F-11D3-BF4B-00C04F79EFBC}") = "Assembly-CSharp-firstpass", "Assembly-CSharp-firstpass.csproj", "{C5F3AC64-0799-5716-A5BB-707CE865672E}"
EndProject
Global
	GlobalSection(SolutionConfigurationPlatforms) = preSolution
		Debug|Any CPU = Debug|Any CPU
		Release|Any CPU = Release|Any CPU
	EndGlobalSection
	GlobalSection(ProjectConfigurationPlatforms) = postSolution
		{922FCBB2-ABBB-AFDE-B9E0-1FA98815FCED}.Debug|Any CPU.ActiveCfg = Debug|Any CPU
		{922FCBB2-ABBB-AFDE-B9E0-1FA98815FCED}.Debug|Any CPU.Build.0 = Debug|Any CPU
		{922FCBB2-ABBB-AFDE-B9E0-1FA98815FCED}.Release|Any CPU.ActiveCfg = Release|Any CPU
		{922FCBB2-ABBB-AFDE-B9E0-1FA98815FCED}.Release|Any CPU.Build.0 = Release|Any CPU
		{C5F3AC64-0799-5716-A5BB-707CE865672E}.Debug|Any CPU.ActiveCfg = Debug|Any CPU
		{C5F3AC64-0799-5716-A5BB-707CE865672E}.Debug|Any CPU.Build.0 = Debug|Any CPU
		{C5F3AC64-0799-5716-A5BB-707CE865672E}.Release|Any CPU.ActiveCfg = Release|Any CPU
		{C5F3AC64-0799-5716-A5BB-707CE865672E}.Release|Any CPU.Build.0 = Release|Any CPU
	EndGlobalSection
	GlobalSection(SolutionProperties) = preSolution
		HideSolutionNode = FALSE
	EndGlobalSection
EndGlobal
